
Microsoft Visual Studio Solution File, Format Version 12.00
# Visual Studio 15
VisualStudioVersion = 15.0.27428.2027
MinimumVisualStudioVersion = 10.0.40219.1
Project("{FAE04EC0-301F-11D3-BF4B-00C04F79EFBC}") = "ProvaTorneo", "ProvaTorneo\ProvaTorneo.csproj", "{3245BEF3-1B26-4025-B59F-82F7AA79E773}"
EndProject
Project("{FAE04EC0-301F-11D3-BF4B-00C04F79EFBC}") = "ProvaTorneo.Tests", "ProvaTorneo.Tests\ProvaTorneo.Tests.csproj", "{4A3247D4-C6BC-4855-B5A2-59B1680274F5}"
EndProject
Global
	GlobalSection(SolutionConfigurationPlatforms) = preSolution
		Debug|Any CPU = Debug|Any CPU
		Release|Any CPU = Release|Any CPU
	EndGlobalSection
	GlobalSection(ProjectConfigurationPlatforms) = postSolution
		{3245BEF3-1B26-4025-B59F-82F7AA79E773}.Debug|Any CPU.ActiveCfg = Debug|Any CPU
		{3245BEF3-1B26-4025-B59F-82F7AA79E773}.Debug|Any CPU.Build.0 = Debug|Any CPU
		{3245BEF3-1B26-4025-B59F-82F7AA79E773}.Release|Any CPU.ActiveCfg = Release|Any CPU
		{3245BEF3-1B26-4025-B59F-82F7AA79E773}.Release|Any CPU.Build.0 = Release|Any CPU
		{4A3247D4-C6BC-4855-B5A2-59B1680274F5}.Debug|Any CPU.ActiveCfg = Debug|Any CPU
		{4A3247D4-C6BC-4855-B5A2-59B1680274F5}.Debug|Any CPU.Build.0 = Debug|Any CPU
		{4A3247D4-C6BC-4855-B5A2-59B1680274F5}.Release|Any CPU.ActiveCfg = Release|Any CPU
		{4A3247D4-C6BC-4855-B5A2-59B1680274F5}.Release|Any CPU.Build.0 = Release|Any CPU
	EndGlobalSection
	GlobalSection(SolutionProperties) = preSolution
		HideSolutionNode = FALSE
	EndGlobalSection
	GlobalSection(ExtensibilityGlobals) = postSolution
		SolutionGuid = {5474B4B3-93E8-4892-936F-0B7C5954EF2B}
	EndGlobalSection
EndGlobal
